schema: '2.0'
stages:
  train:
    cmd: python src/train.py experiment=catdog_ex +trainer.log_every_n_steps=5
    deps:
    - path: configs/experiment/catdog_ex.yaml
      hash: md5
      md5: 79ffcd752ae9af5ba32477417eced740
      size: 1079
    - path: src/train.py
      hash: md5
      md5: 4a4be304e048e2447c0e5c93a340a4ed
      size: 3712
    outs:
    - path: logs
      hash: md5
      md5: b09556095856ec10f81be99999816111.dir
      size: 12827
      nfiles: 10
