schema: '2.0'
stages:
  train:
    cmd: python src/train.py experiment=catdog_ex +trainer.log_every_n_steps=5
    deps:
    - path: configs/experiment/catdog_ex.yaml
      hash: md5
      md5: 42467d2a914b8d9f0d06d7c47a3e48de
      size: 1080
    - path: src/train.py
      hash: md5
      md5: 8d48498058659fbb19a60e2db0661966
      size: 4369
    outs:
    - path: logs
      hash: md5
      md5: 5cf449bedcae4c6fbd844224f9e59b04.dir
      size: 16597
      nfiles: 10
